// !$*UTF8*$!
{
	archiveVersion = 1;
	classes = {
	};
	objectVersion = 55;
	objects = {

/* Begin PBXBuildFile section */
		6008A75C28D24AFE004F4B06 /* UIImageView+DownloadImage.swift in Sources */ = {isa = PBXBuildFile; fileRef = 6008A75B28D24AFE004F4B06 /* UIImageView+DownloadImage.swift */; };
		603EE31328DCEC3B00127970 /* Search.swift in Sources */ = {isa = PBXBuildFile; fileRef = 603EE31228DCEC3B00127970 /* Search.swift */; };
		60600C6028E22F4300E9F41D /* Localizable.strings in Resources */ = {isa = PBXBuildFile; fileRef = 60600C6228E22F4300E9F41D /* Localizable.strings */; };
		60600C6628E241DA00E9F41D /* InfoPlist.strings in Resources */ = {isa = PBXBuildFile; fileRef = 60600C6828E241DA00E9F41D /* InfoPlist.strings */; };
		606765A228C4A88C0053809C /* SearchResult.swift in Sources */ = {isa = PBXBuildFile; fileRef = 606765A128C4A88C0053809C /* SearchResult.swift */; };
		606765A428C4C5C20053809C /* SearchResultCell.xib in Resources */ = {isa = PBXBuildFile; fileRef = 606765A328C4C5C20053809C /* SearchResultCell.xib */; };
		606765A628C4F16A0053809C /* SearchResultCell.swift in Sources */ = {isa = PBXBuildFile; fileRef = 606765A528C4F16A0053809C /* SearchResultCell.swift */; };
		606F8B6C28BCBB8F009AFC0A /* AppDelegate.swift in Sources */ = {isa = PBXBuildFile; fileRef = 606F8B6B28BCBB8F009AFC0A /* AppDelegate.swift */; };
		606F8B6E28BCBB8F009AFC0A /* SceneDelegate.swift in Sources */ = {isa = PBXBuildFile; fileRef = 606F8B6D28BCBB8F009AFC0A /* SceneDelegate.swift */; };
		606F8B7028BCBB8F009AFC0A /* SearchViewController.swift in Sources */ = {isa = PBXBuildFile; fileRef = 606F8B6F28BCBB8F009AFC0A /* SearchViewController.swift */; };
		606F8B7328BCBB8F009AFC0A /* Main.storyboard in Resources */ = {isa = PBXBuildFile; fileRef = 606F8B7128BCBB8F009AFC0A /* Main.storyboard */; };
		606F8B7628BCBB8F009AFC0A /* StoreSearch.xcdatamodeld in Sources */ = {isa = PBXBuildFile; fileRef = 606F8B7428BCBB8F009AFC0A /* StoreSearch.xcdatamodeld */; };
		606F8B7828BCBB92009AFC0A /* Assets.xcassets in Resources */ = {isa = PBXBuildFile; fileRef = 606F8B7728BCBB92009AFC0A /* Assets.xcassets */; };
		6074402028D3846D001F5550 /* DetailViewController.swift in Sources */ = {isa = PBXBuildFile; fileRef = 6074401F28D3846D001F5550 /* DetailViewController.swift */; };
		609C1DD528D8AFAA00AEC096 /* GradientView.swift in Sources */ = {isa = PBXBuildFile; fileRef = 609C1DD428D8AFAA00AEC096 /* GradientView.swift */; };
		609C1DD728D8CE1300AEC096 /* BounceAnimationController.swift in Sources */ = {isa = PBXBuildFile; fileRef = 609C1DD628D8CE1300AEC096 /* BounceAnimationController.swift */; };
		609C1DD928D8D9A000AEC096 /* SlideOutAnimationController.swift in Sources */ = {isa = PBXBuildFile; fileRef = 609C1DD828D8D9A000AEC096 /* SlideOutAnimationController.swift */; };
		609C1DDB28D9DB1500AEC096 /* LandscapeViewController.swift in Sources */ = {isa = PBXBuildFile; fileRef = 609C1DDA28D9DB1500AEC096 /* LandscapeViewController.swift */; };
		609C1DDD28D9F6FA00AEC096 /* FadeOutAnimationController.swift in Sources */ = {isa = PBXBuildFile; fileRef = 609C1DDC28D9F6FA00AEC096 /* FadeOutAnimationController.swift */; };
		60E095F428E0B0EE00A7593A /* NothingFoundCell.xib in Resources */ = {isa = PBXBuildFile; fileRef = 60E095F628E0B0EE00A7593A /* NothingFoundCell.xib */; };
		60E095F828E0BE1C00A7593A /* LoadingCell.xib in Resources */ = {isa = PBXBuildFile; fileRef = 60E095FA28E0BE1C00A7593A /* LoadingCell.xib */; };
/* End PBXBuildFile section */

/* Begin PBXFileReference section */
		6008A75B28D24AFE004F4B06 /* UIImageView+DownloadImage.swift */ = {isa = PBXFileReference; lastKnownFileType = sourcecode.swift; path = "UIImageView+DownloadImage.swift"; sourceTree = "<group>"; };
		603EE31228DCEC3B00127970 /* Search.swift */ = {isa = PBXFileReference; lastKnownFileType = sourcecode.swift; path = Search.swift; sourceTree = "<group>"; };
		60600C6128E22F4300E9F41D /* en */ = {isa = PBXFileReference; lastKnownFileType = text.plist.strings; name = en; path = en.lproj/Localizable.strings; sourceTree = "<group>"; };
		60600C6328E230A200E9F41D /* nl */ = {isa = PBXFileReference; lastKnownFileType = text.plist.strings; name = nl; path = nl.lproj/Localizable.strings; sourceTree = "<group>"; };
		60600C6728E241DA00E9F41D /* en */ = {isa = PBXFileReference; lastKnownFileType = text.plist.strings; name = en; path = en.lproj/InfoPlist.strings; sourceTree = "<group>"; };
		60600C6928E241E600E9F41D /* nl */ = {isa = PBXFileReference; lastKnownFileType = text.plist.strings; name = nl; path = nl.lproj/InfoPlist.strings; sourceTree = "<group>"; };
		606765A128C4A88C0053809C /* SearchResult.swift */ = {isa = PBXFileReference; lastKnownFileType = sourcecode.swift; path = SearchResult.swift; sourceTree = "<group>"; };
		606765A328C4C5C20053809C /* SearchResultCell.xib */ = {isa = PBXFileReference; lastKnownFileType = file.xib; path = SearchResultCell.xib; sourceTree = "<group>"; };
		606765A528C4F16A0053809C /* SearchResultCell.swift */ = {isa = PBXFileReference; lastKnownFileType = sourcecode.swift; path = SearchResultCell.swift; sourceTree = "<group>"; };
		606F8B6828BCBB8F009AFC0A /* StoreSearch.app */ = {isa = PBXFileReference; explicitFileType = wrapper.application; includeInIndex = 0; path = StoreSearch.app; sourceTree = BUILT_PRODUCTS_DIR; };
		606F8B6B28BCBB8F009AFC0A /* AppDelegate.swift */ = {isa = PBXFileReference; lastKnownFileType = sourcecode.swift; path = AppDelegate.swift; sourceTree = "<group>"; };
		606F8B6D28BCBB8F009AFC0A /* SceneDelegate.swift */ = {isa = PBXFileReference; lastKnownFileType = sourcecode.swift; path = SceneDelegate.swift; sourceTree = "<group>"; };
		606F8B6F28BCBB8F009AFC0A /* SearchViewController.swift */ = {isa = PBXFileReference; lastKnownFileType = sourcecode.swift; path = SearchViewController.swift; sourceTree = "<group>"; };
		606F8B7228BCBB8F009AFC0A /* Base */ = {isa = PBXFileReference; lastKnownFileType = file.storyboard; name = Base; path = Base.lproj/Main.storyboard; sourceTree = "<group>"; };
		606F8B7528BCBB8F009AFC0A /* StoreSearch.xcdatamodel */ = {isa = PBXFileReference; lastKnownFileType = wrapper.xcdatamodel; path = StoreSearch.xcdatamodel; sourceTree = "<group>"; };
		606F8B7728BCBB92009AFC0A /* Assets.xcassets */ = {isa = PBXFileReference; lastKnownFileType = folder.assetcatalog; path = Assets.xcassets; sourceTree = "<group>"; };
		606F8B7C28BCBB92009AFC0A /* Info.plist */ = {isa = PBXFileReference; lastKnownFileType = text.plist.xml; path = Info.plist; sourceTree = "<group>"; };
		6074401F28D3846D001F5550 /* DetailViewController.swift */ = {isa = PBXFileReference; lastKnownFileType = sourcecode.swift; path = DetailViewController.swift; sourceTree = "<group>"; };
		609C1DD428D8AFAA00AEC096 /* GradientView.swift */ = {isa = PBXFileReference; lastKnownFileType = sourcecode.swift; path = GradientView.swift; sourceTree = "<group>"; };
		609C1DD628D8CE1300AEC096 /* BounceAnimationController.swift */ = {isa = PBXFileReference; lastKnownFileType = sourcecode.swift; path = BounceAnimationController.swift; sourceTree = "<group>"; };
		609C1DD828D8D9A000AEC096 /* SlideOutAnimationController.swift */ = {isa = PBXFileReference; lastKnownFileType = sourcecode.swift; path = SlideOutAnimationController.swift; sourceTree = "<group>"; };
		609C1DDA28D9DB1500AEC096 /* LandscapeViewController.swift */ = {isa = PBXFileReference; lastKnownFileType = sourcecode.swift; path = LandscapeViewController.swift; sourceTree = "<group>"; };
		609C1DDC28D9F6FA00AEC096 /* FadeOutAnimationController.swift */ = {isa = PBXFileReference; lastKnownFileType = sourcecode.swift; path = FadeOutAnimationController.swift; sourceTree = "<group>"; };
		60C539B928E0C2C000FC459E /* nl */ = {isa = PBXFileReference; lastKnownFileType = text.plist.strings; name = nl; path = nl.lproj/Main.strings; sourceTree = "<group>"; };
		60E095F528E0B0EE00A7593A /* en */ = {isa = PBXFileReference; lastKnownFileType = file.xib; name = en; path = en.lproj/NothingFoundCell.xib; sourceTree = "<group>"; };
		60E095F728E0B1AD00A7593A /* nl */ = {isa = PBXFileReference; lastKnownFileType = file.xib; name = nl; path = nl.lproj/NothingFoundCell.xib; sourceTree = "<group>"; };
		60E095F928E0BE1C00A7593A /* Base */ = {isa = PBXFileReference; lastKnownFileType = file.xib; name = Base; path = Base.lproj/LoadingCell.xib; sourceTree = "<group>"; };
		60E095FC28E0BE4200A7593A /* nl */ = {isa = PBXFileReference; lastKnownFileType = text.plist.strings; name = nl; path = nl.lproj/LoadingCell.strings; sourceTree = "<group>"; };
/* End PBXFileReference section */

/* Begin PBXFrameworksBuildPhase section */
		606F8B6528BCBB8F009AFC0A /* Frameworks */ = {
			isa = PBXFrameworksBuildPhase;
			buildActionMask = 2147483647;
			files = (
			);
			runOnlyForDeploymentPostprocessing = 0;
		};
/* End PBXFrameworksBuildPhase section */

/* Begin PBXGroup section */
		606F8B5F28BCBB8F009AFC0A = {
			isa = PBXGroup;
			children = (
				606F8B6A28BCBB8F009AFC0A /* StoreSearch */,
				606F8B6928BCBB8F009AFC0A /* Products */,
			);
			sourceTree = "<group>";
		};
		606F8B6928BCBB8F009AFC0A /* Products */ = {
			isa = PBXGroup;
			children = (
				606F8B6828BCBB8F009AFC0A /* StoreSearch.app */,
			);
			name = Products;
			sourceTree = "<group>";
		};
		606F8B6A28BCBB8F009AFC0A /* StoreSearch */ = {
			isa = PBXGroup;
			children = (
				606F8B6B28BCBB8F009AFC0A /* AppDelegate.swift */,
				606F8B6D28BCBB8F009AFC0A /* SceneDelegate.swift */,
				606F8B6F28BCBB8F009AFC0A /* SearchViewController.swift */,
				603EE31228DCEC3B00127970 /* Search.swift */,
				6074401F28D3846D001F5550 /* DetailViewController.swift */,
				609C1DDA28D9DB1500AEC096 /* LandscapeViewController.swift */,
				606765A328C4C5C20053809C /* SearchResultCell.xib */,
				606765A528C4F16A0053809C /* SearchResultCell.swift */,
				60E095F628E0B0EE00A7593A /* NothingFoundCell.xib */,
				60E095FA28E0BE1C00A7593A /* LoadingCell.xib */,
				606765A128C4A88C0053809C /* SearchResult.swift */,
				606F8B7128BCBB8F009AFC0A /* Main.storyboard */,
				609C1DD428D8AFAA00AEC096 /* GradientView.swift */,
				609C1DD628D8CE1300AEC096 /* BounceAnimationController.swift */,
				609C1DD828D8D9A000AEC096 /* SlideOutAnimationController.swift */,
				609C1DDC28D9F6FA00AEC096 /* FadeOutAnimationController.swift */,
				6008A75B28D24AFE004F4B06 /* UIImageView+DownloadImage.swift */,
				606F8B7728BCBB92009AFC0A /* Assets.xcassets */,
				606F8B7C28BCBB92009AFC0A /* Info.plist */,
				606F8B7428BCBB8F009AFC0A /* StoreSearch.xcdatamodeld */,
				60600C6228E22F4300E9F41D /* Localizable.strings */,
				60600C6828E241DA00E9F41D /* InfoPlist.strings */,
			);
			path = StoreSearch;
			sourceTree = "<group>";
		};
/* End PBXGroup section */

/* Begin PBXNativeTarget section */
		606F8B6728BCBB8F009AFC0A /* StoreSearch */ = {
			isa = PBXNativeTarget;
			buildConfigurationList = 606F8B7F28BCBB92009AFC0A /* Build configuration list for PBXNativeTarget "StoreSearch" */;
			buildPhases = (
				606F8B6428BCBB8F009AFC0A /* Sources */,
				606F8B6528BCBB8F009AFC0A /* Frameworks */,
				606F8B6628BCBB8F009AFC0A /* Resources */,
			);
			buildRules = (
			);
			dependencies = (
			);
			name = StoreSearch;
			productName = StoreSearch;
			productReference = 606F8B6828BCBB8F009AFC0A /* StoreSearch.app */;
			productType = "com.apple.product-type.application";
		};
/* End PBXNativeTarget section */

/* Begin PBXProject section */
		606F8B6028BCBB8F009AFC0A /* Project object */ = {
			isa = PBXProject;
			attributes = {
				BuildIndependentTargetsInParallel = 1;
				LastSwiftUpdateCheck = 1340;
				LastUpgradeCheck = 1340;
				TargetAttributes = {
					606F8B6728BCBB8F009AFC0A = {
						CreatedOnToolsVersion = 13.4.1;
					};
				};
			};
			buildConfigurationList = 606F8B6328BCBB8F009AFC0A /* Build configuration list for PBXProject "StoreSearch" */;
			compatibilityVersion = "Xcode 13.0";
			developmentRegion = en;
			hasScannedForEncodings = 0;
			knownRegions = (
				en,
				Base,
				nl,
			);
			mainGroup = 606F8B5F28BCBB8F009AFC0A;
			productRefGroup = 606F8B6928BCBB8F009AFC0A /* Products */;
			projectDirPath = "";
			projectRoot = "";
			targets = (
				606F8B6728BCBB8F009AFC0A /* StoreSearch */,
			);
		};
/* End PBXProject section */

/* Begin PBXResourcesBuildPhase section */
		606F8B6628BCBB8F009AFC0A /* Resources */ = {
			isa = PBXResourcesBuildPhase;
			buildActionMask = 2147483647;
			files = (
				606F8B7828BCBB92009AFC0A /* Assets.xcassets in Resources */,
				60600C6628E241DA00E9F41D /* InfoPlist.strings in Resources */,
				60600C6028E22F4300E9F41D /* Localizable.strings in Resources */,
				60E095F828E0BE1C00A7593A /* LoadingCell.xib in Resources */,
				606765A428C4C5C20053809C /* SearchResultCell.xib in Resources */,
				60E095F428E0B0EE00A7593A /* NothingFoundCell.xib in Resources */,
				606F8B7328BCBB8F009AFC0A /* Main.storyboard in Resources */,
			);
			runOnlyForDeploymentPostprocessing = 0;
		};
/* End PBXResourcesBuildPhase section */

/* Begin PBXSourcesBuildPhase section */
		606F8B6428BCBB8F009AFC0A /* Sources */ = {
			isa = PBXSourcesBuildPhase;
			buildActionMask = 2147483647;
			files = (
				6008A75C28D24AFE004F4B06 /* UIImageView+DownloadImage.swift in Sources */,
				606F8B7028BCBB8F009AFC0A /* SearchViewController.swift in Sources */,
				606F8B6C28BCBB8F009AFC0A /* AppDelegate.swift in Sources */,
				606765A228C4A88C0053809C /* SearchResult.swift in Sources */,
				609C1DD728D8CE1300AEC096 /* BounceAnimationController.swift in Sources */,
				606F8B6E28BCBB8F009AFC0A /* SceneDelegate.swift in Sources */,
				606765A628C4F16A0053809C /* SearchResultCell.swift in Sources */,
				606F8B7628BCBB8F009AFC0A /* StoreSearch.xcdatamodeld in Sources */,
				609C1DD928D8D9A000AEC096 /* SlideOutAnimationController.swift in Sources */,
				609C1DDD28D9F6FA00AEC096 /* FadeOutAnimationController.swift in Sources */,
				6074402028D3846D001F5550 /* DetailViewController.swift in Sources */,
				609C1DDB28D9DB1500AEC096 /* LandscapeViewController.swift in Sources */,
				609C1DD528D8AFAA00AEC096 /* GradientView.swift in Sources */,
				603EE31328DCEC3B00127970 /* Search.swift in Sources */,
			);
			runOnlyForDeploymentPostprocessing = 0;
		};
/* End PBXSourcesBuildPhase section */

/* Begin PBXVariantGroup section */
		60600C6228E22F4300E9F41D /* Localizable.strings */ = {
			isa = PBXVariantGroup;
			children = (
				60600C6128E22F4300E9F41D /* en */,
				60600C6328E230A200E9F41D /* nl */,
			);
			name = Localizable.strings;
			sourceTree = "<group>";
		};
		60600C6828E241DA00E9F41D /* InfoPlist.strings */ = {
			isa = PBXVariantGroup;
			children = (
				60600C6728E241DA00E9F41D /* en */,
				60600C6928E241E600E9F41D /* nl */,
			);
			name = InfoPlist.strings;
			sourceTree = "<group>";
		};
		606F8B7128BCBB8F009AFC0A /* Main.storyboard */ = {
			isa = PBXVariantGroup;
			children = (
				606F8B7228BCBB8F009AFC0A /* Base */,
				60C539B928E0C2C000FC459E /* nl */,
			);
			name = Main.storyboard;
			sourceTree = "<group>";
		};
		60E095F628E0B0EE00A7593A /* NothingFoundCell.xib */ = {
			isa = PBXVariantGroup;
			children = (
				60E095F528E0B0EE00A7593A /* en */,
				60E095F728E0B1AD00A7593A /* nl */,
			);
			name = NothingFoundCell.xib;
			sourceTree = "<group>";
		};
		60E095FA28E0BE1C00A7593A /* LoadingCell.xib */ = {
			isa = PBXVariantGroup;
			children = (
				60E095F928E0BE1C00A7593A /* Base */,
				60E095FC28E0BE4200A7593A /* nl */,
			);
			name = LoadingCell.xib;
			sourceTree = "<group>";
		};
/* End PBXVariantGroup section */

/* Begin XCBuildConfiguration section */
		606F8B7D28BCBB92009AFC0A /* Debug */ = {
			isa = XCBuildConfiguration;
			buildSettings = {
				ALWAYS_SEARCH_USER_PATHS = NO;
				CLANG_ANALYZER_LOCALIZABILITY_NONLOCALIZED = YES;
				CLANG_ANALYZER_NONNULL = YES;
				CLANG_ANALYZER_NUMBER_OBJECT_CONVERSION = YES_AGGRESSIVE;
				CLANG_CXX_LANGUAGE_STANDARD = "gnu++17";
				CLANG_ENABLE_MODULES = YES;
				CLANG_ENABLE_OBJC_ARC = YES;
				CLANG_ENABLE_OBJC_WEAK = YES;
				CLANG_WARN_BLOCK_CAPTURE_AUTORELEASING = YES;
				CLANG_WARN_BOOL_CONVERSION = YES;
				CLANG_WARN_COMMA = YES;
				CLANG_WARN_CONSTANT_CONVERSION = YES;
				CLANG_WARN_DEPRECATED_OBJC_IMPLEMENTATIONS = YES;
				CLANG_WARN_DIRECT_OBJC_ISA_USAGE = YES_ERROR;
				CLANG_WARN_DOCUMENTATION_COMMENTS = YES;
				CLANG_WARN_EMPTY_BODY = YES;
				CLANG_WARN_ENUM_CONVERSION = YES;
				CLANG_WARN_INFINITE_RECURSION = YES;
				CLANG_WARN_INT_CONVERSION = YES;
				CLANG_WARN_NON_LITERAL_NULL_CONVERSION = YES;
				CLANG_WARN_OBJC_IMPLICIT_RETAIN_SELF = YES;
				CLANG_WARN_OBJC_LITERAL_CONVERSION = YES;
				CLANG_WARN_OBJC_ROOT_CLASS = YES_ERROR;
				CLANG_WARN_QUOTED_INCLUDE_IN_FRAMEWORK_HEADER = YES;
				CLANG_WARN_RANGE_LOOP_ANALYSIS = YES;
				CLANG_WARN_STRICT_PROTOTYPES = YES;
				CLANG_WARN_SUSPICIOUS_MOVE = YES;
				CLANG_WARN_UNGUARDED_AVAILABILITY = YES_AGGRESSIVE;
				CLANG_WARN_UNREACHABLE_CODE = YES;
				CLANG_WARN__DUPLICATE_METHOD_MATCH = YES;
				COPY_PHASE_STRIP = NO;
				DEBUG_INFORMATION_FORMAT = dwarf;
				ENABLE_STRICT_OBJC_MSGSEND = YES;
				ENABLE_TESTABILITY = YES;
				GCC_C_LANGUAGE_STANDARD = gnu11;
				GCC_DYNAMIC_NO_PIC = NO;
				GCC_NO_COMMON_BLOCKS = YES;
				GCC_OPTIMIZATION_LEVEL = 0;
				GCC_PREPROCESSOR_DEFINITIONS = (
					"DEBUG=1",
					"$(inherited)",
				);
				GCC_WARN_64_TO_32_BIT_CONVERSION = YES;
				GCC_WARN_ABOUT_RETURN_TYPE = YES_ERROR;
				GCC_WARN_UNDECLARED_SELECTOR = YES;
				GCC_WARN_UNINITIALIZED_AUTOS = YES_AGGRESSIVE;
				GCC_WARN_UNUSED_FUNCTION = YES;
				GCC_WARN_UNUSED_VARIABLE = YES;
				IPHONEOS_DEPLOYMENT_TARGET = 15.5;
				MTL_ENABLE_DEBUG_INFO = INCLUDE_SOURCE;
				MTL_FAST_MATH = YES;
				ONLY_ACTIVE_ARCH = YES;
				SDKROOT = iphoneos;
				SWIFT_ACTIVE_COMPILATION_CONDITIONS = DEBUG;
				SWIFT_OPTIMIZATION_LEVEL = "-Onone";
			};
			name = Debug;
		};
		606F8B7E28BCBB92009AFC0A /* Release */ = {
			isa = XCBuildConfiguration;
			buildSettings = {
				ALWAYS_SEARCH_USER_PATHS = NO;
				CLANG_ANALYZER_LOCALIZABILITY_NONLOCALIZED = YES;
				CLANG_ANALYZER_NONNULL = YES;
				CLANG_ANALYZER_NUMBER_OBJECT_CONVERSION = YES_AGGRESSIVE;
				CLANG_CXX_LANGUAGE_STANDARD = "gnu++17";
				CLANG_ENABLE_MODULES = YES;
				CLANG_ENABLE_OBJC_ARC = YES;
				CLANG_ENABLE_OBJC_WEAK = YES;
				CLANG_WARN_BLOCK_CAPTURE_AUTORELEASING = YES;
				CLANG_WARN_BOOL_CONVERSION = YES;
				CLANG_WARN_COMMA = YES;
				CLANG_WARN_CONSTANT_CONVERSION = YES;
				CLANG_WARN_DEPRECATED_OBJC_IMPLEMENTATIONS = YES;
				CLANG_WARN_DIRECT_OBJC_ISA_USAGE = YES_ERROR;
				CLANG_WARN_DOCUMENTATION_COMMENTS = YES;
				CLANG_WARN_EMPTY_BODY = YES;
				CLANG_WARN_ENUM_CONVERSION = YES;
				CLANG_WARN_INFINITE_RECURSION = YES;
				CLANG_WARN_INT_CONVERSION = YES;
				CLANG_WARN_NON_LITERAL_NULL_CONVERSION = YES;
				CLANG_WARN_OBJC_IMPLICIT_RETAIN_SELF = YES;
				CLANG_WARN_OBJC_LITERAL_CONVERSION = YES;
				CLANG_WARN_OBJC_ROOT_CLASS = YES_ERROR;
				CLANG_WARN_QUOTED_INCLUDE_IN_FRAMEWORK_HEADER = YES;
				CLANG_WARN_RANGE_LOOP_ANALYSIS = YES;
				CLANG_WARN_STRICT_PROTOTYPES = YES;
				CLANG_WARN_SUSPICIOUS_MOVE = YES;
				CLANG_WARN_UNGUARDED_AVAILABILITY = YES_AGGRESSIVE;
				CLANG_WARN_UNREACHABLE_CODE = YES;
				CLANG_WARN__DUPLICATE_METHOD_MATCH = YES;
				COPY_PHASE_STRIP = NO;
				DEBUG_INFORMATION_FORMAT = "dwarf-with-dsym";
				ENABLE_NS_ASSERTIONS = NO;
				ENABLE_STRICT_OBJC_MSGSEND = YES;
				GCC_C_LANGUAGE_STANDARD = gnu11;
				GCC_NO_COMMON_BLOCKS = YES;
				GCC_WARN_64_TO_32_BIT_CONVERSION = YES;
				GCC_WARN_ABOUT_RETURN_TYPE = YES_ERROR;
				GCC_WARN_UNDECLARED_SELECTOR = YES;
				GCC_WARN_UNINITIALIZED_AUTOS = YES_AGGRESSIVE;
				GCC_WARN_UNUSED_FUNCTION = YES;
				GCC_WARN_UNUSED_VARIABLE = YES;
				IPHONEOS_DEPLOYMENT_TARGET = 15.5;
				MTL_ENABLE_DEBUG_INFO = NO;
				MTL_FAST_MATH = YES;
				SDKROOT = iphoneos;
				SWIFT_COMPILATION_MODE = wholemodule;
				SWIFT_OPTIMIZATION_LEVEL = "-O";
				VALIDATE_PRODUCT = YES;
			};
			name = Release;
		};
		606F8B8028BCBB92009AFC0A /* Debug */ = {
			isa = XCBuildConfiguration;
			buildSettings = {
				ASSETCATALOG_COMPILER_APPICON_NAME = AppIcon;
				ASSETCATALOG_COMPILER_GLOBAL_ACCENT_COLOR_NAME = AccentColor;
				CODE_SIGN_STYLE = Automatic;
				CURRENT_PROJECT_VERSION = 1;
				DEVELOPMENT_TEAM = 52244XZHVN;
				GENERATE_INFOPLIST_FILE = YES;
				INFOPLIST_FILE = StoreSearch/Info.plist;
				INFOPLIST_KEY_UIApplicationSupportsIndirectInputEvents = YES;
				INFOPLIST_KEY_UILaunchStoryboardName = Main;
				INFOPLIST_KEY_UIMainStoryboardFile = Main;
				INFOPLIST_KEY_UISupportedInterfaceOrientations_iPad = "UIInterfaceOrientationPortrait UIInterfaceOrientationPortraitUpsideDown UIInterfaceOrientationLandscapeLeft UIInterfaceOrientationLandscapeRight";
				INFOPLIST_KEY_UISupportedInterfaceOrientations_iPhone = "UIInterfaceOrientationPortrait UIInterfaceOrientationLandscapeLeft UIInterfaceOrientationLandscapeRight";
				LD_RUNPATH_SEARCH_PATHS = (
					"$(inherited)",
					"@executable_path/Frameworks",
				);
				MARKETING_VERSION = 1.0;
				PRODUCT_BUNDLE_IDENTIFIER = co.levchenko.StoreSearch;
				PRODUCT_NAME = "$(TARGET_NAME)";
				SWIFT_EMIT_LOC_STRINGS = YES;
				SWIFT_VERSION = 5.0;
				TARGETED_DEVICE_FAMILY = "1,2";
			};
			name = Debug;
		};
		606F8B8128BCBB92009AFC0A /* Release */ = {
			isa = XCBuildConfiguration;
			buildSettings = {
				ASSETCATALOG_COMPILER_APPICON_NAME = AppIcon;
				ASSETCATALOG_COMPILER_GLOBAL_ACCENT_COLOR_NAME = AccentColor;
				CODE_SIGN_STYLE = Automatic;
				CURRENT_PROJECT_VERSION = 1;
				DEVELOPMENT_TEAM = 52244XZHVN;
				GENERATE_INFOPLIST_FILE = YES;
				INFOPLIST_FILE = StoreSearch/Info.plist;
				INFOPLIST_KEY_UIApplicationSupportsIndirectInputEvents = YES;
				INFOPLIST_KEY_UILaunchStoryboardName = Main;
				INFOPLIST_KEY_UIMainStoryboardFile = Main;
				INFOPLIST_KEY_UISupportedInterfaceOrientations_iPad = "UIInterfaceOrientationPortrait UIInterfaceOrientationPortraitUpsideDown UIInterfaceOrientationLandscapeLeft UIInterfaceOrientationLandscapeRight";
				INFOPLIST_KEY_UISupportedInterfaceOrientations_iPhone = "UIInterfaceOrientationPortrait UIInterfaceOrientationLandscapeLeft UIInterfaceOrientationLandscapeRight";
				LD_RUNPATH_SEARCH_PATHS = (
					"$(inherited)",
					"@executable_path/Frameworks",
				);
				MARKETING_VERSION = 1.0;
				PRODUCT_BUNDLE_IDENTIFIER = co.levchenko.StoreSearch;
				PRODUCT_NAME = "$(TARGET_NAME)";
				SWIFT_EMIT_LOC_STRINGS = YES;
				SWIFT_VERSION = 5.0;
				TARGETED_DEVICE_FAMILY = "1,2";
			};
			name = Release;
		};
/* End XCBuildConfiguration section */

/* Begin XCConfigurationList section */
		606F8B6328BCBB8F009AFC0A /* Build configuration list for PBXProject "StoreSearch" */ = {
			isa = XCConfigurationList;
			buildConfigurations = (
				606F8B7D28BCBB92009AFC0A /* Debug */,
				606F8B7E28BCBB92009AFC0A /* Release */,
			);
			defaultConfigurationIsVisible = 0;
			defaultConfigurationName = Release;
		};
		606F8B7F28BCBB92009AFC0A /* Build configuration list for PBXNativeTarget "StoreSearch" */ = {
			isa = XCConfigurationList;
			buildConfigurations = (
				606F8B8028BCBB92009AFC0A /* Debug */,
				606F8B8128BCBB92009AFC0A /* Release */,
			);
			defaultConfigurationIsVisible = 0;
			defaultConfigurationName = Release;
		};
/* End XCConfigurationList section */

/* Begin XCVersionGroup section */
		606F8B7428BCBB8F009AFC0A /* StoreSearch.xcdatamodeld */ = {
			isa = XCVersionGroup;
			children = (
				606F8B7528BCBB8F009AFC0A /* StoreSearch.xcdatamodel */,
			);
			currentVersion = 606F8B7528BCBB8F009AFC0A /* StoreSearch.xcdatamodel */;
			path = StoreSearch.xcdatamodeld;
			sourceTree = "<group>";
			versionGroupType = wrapper.xcdatamodel;
		};
/* End XCVersionGroup section */
	};
	rootObject = 606F8B6028BCBB8F009AFC0A /* Project object */;
}
